{
    "_meta": {
        "hash": {
            "sha256": "af719a270df08e2e359c617a22e3cbbd1e110ac8c0d2570abcca1757713cb424"
        },
        "pipfile-spec": 6,
        "requires": {
            "python_version": "3.9"
        },
        "sources": [
            {
                "name": "pypi",
                "url": "https://pypi.org/simple",
                "verify_ssl": true
            }
        ]
    },
    "default": {
        "importlib-metadata": {
            "hashes": [
                "sha256:43dd286a2cd8995d5eaef7fee2066340423b818ed3fd70adf0bad5f1fac53fed",
                "sha256:92501cdf9cc66ebd3e612f1b4f0c0765dfa42f0fa38ffb319b6bd84dd675d705"
            ],
            "markers": "python_version < '3.9'",
            "version": "==6.6.0"
        },
        "llvmlite": {
            "hashes": [
                "sha256:060f00611d8e65d6db80cabba17fbefde9ebefbfb6937fe5677f06cd3e7bbe3c",
                "sha256:06803a1a38f911576bbe63a4082334d6661c59f2080e4681de1c66ec4924b0ac",
                "sha256:260b0241c17a1ec585020e1df58ed30b9975c3573c619fa1724ceb4cd53cbe42",
                "sha256:2754c4d2b6f027ab45425abd94dee4cbd228b598531b1e9e1fc15f3298265d88",
                "sha256:3ff38c309dc758b996d556e599e00647e6b8dbd21125c06b2d0584a9984a2288",
                "sha256:52eee9e245ef6eb911d6c2a3a1a66378745a40c637284386031b0915754f457e",
                "sha256:58f5ba5febb2372418a3d37bd76d51bb987276a6fd979c2f2772b60b9061e575",
                "sha256:66ecb8cdee35bbbdad9b331f446641977645de1973f6270bf4194307a1753666",
                "sha256:6cf84141d1793c69285b88acf4216370cb831eab99778546a2a9002fadac932d",
                "sha256:83dd5148f6ddd4d35585b69ebaa50605fdf8011a5b7259a0463afd4aefc62414",
                "sha256:87c2114567f95c715ae35b03d82caa0df66a978c93a1ff752964949e9ce596d5",
                "sha256:8a3382d81fcda57f5502f45a9ca62e0c9103fabd5f817c9820c7e61b9375f3d7",
                "sha256:90a46db1ed219d93ef05245ec17cf243074ec2b2687209cb310a803a2c2510dc",
                "sha256:9d1622237e6ce543ac185751f782c7e10cabe45abf2de802cd5dca8023805a5c",
                "sha256:a4732d6c981f658f014dd2ab2b682ac631cd12a6695e77c2d460cc68dc767868",
                "sha256:b9d742b66023298532d0e7beddd3d9f04334c046df7a02a1ec2ba8b4046a978c",
                "sha256:bb79b992bdc2e62c5f5f86263d5546b5298d498e7c1a9d64b3a6f0d31f46ba5b",
                "sha256:bbf19077144e159406ef222348d5330d5061177fb79d3f7f82abf2cf29b77c0b",
                "sha256:be0ff5b68a86e47a7ec6cd5389bb17b4b8f020b981628c9e714dc2cfdbe89c86",
                "sha256:c910b8fbfd67b8e9d0b10ebc012b23cd67cbecef1b96f00d391ddd298d71671c",
                "sha256:d27c2ec699b820296659dfd36ead1c527eb190c6d5cb3de24bfbee1024bdc20a",
                "sha256:f5d4445eccd9c9c5639b35cb6279231f97cbd77a1c49fb41c05081ff96e041db",
                "sha256:f72d6ccbfd9cc7da43098fcef23ffbe173ce2d986215072dbb2e7929412f9ff8",
                "sha256:f980992b6c9dfee20a1608c5a4d875f8a52d76353ca02470550a85be6e5d3680"
            ],
            "markers": "python_version >= '3.8'",
            "version": "==0.40.0"
        },
        "numba": {
            "hashes": [
                "sha256:0106ee441e3f69cc6f17cb470c4fcccd592e0606567d43245635d72b071ab88e",
                "sha256:069f7d8fddad4c0eb1d7534c2a18098fe50473dc77832b409176002e9011b96f",
                "sha256:110be5e1213d0a3d5fc691e921a000779500620196d99cee9908fce83d1e48df",
                "sha256:133cba9b5002bf67f6f73d9b3050d919c1be91326bbdcccfdf3259bcfb1cec0e",
                "sha256:18d90fa6fcd5b796999392a8ea67f2fbccecf8dabcea726e2e721c79f40566a6",
                "sha256:274f4db4814ebd5ec81697acfc36df04a865b86610d7714905185b753f3f9baf",
                "sha256:2af6d81067a5bdc13960c6d2519dbabbf4d5d597cf75d640c5aeaefd48c6420a",
                "sha256:2e2c14c411545e80bf0f1a33232fb0bd6aa3368f86e56eeffc7f6d3ac16ea3fd",
                "sha256:3e0b8de39bf17519435937b53276dfb02e2eb8bc27cd211c8eeb01ffed1cab6b",
                "sha256:430f43c96f866ca4fe6008d8aa28bb608911d908ff94f879e0dbad7768ef9869",
                "sha256:5810ed2d6d22eb3c48bedfac2187fc44bb90e05f02d47fd31059e69207ae4106",
                "sha256:6b3382c56d805ffcdc7b46eb69a906be733dd35b84be14abba8e5fd27d7916b2",
                "sha256:79daa130fc9e4ebd1eea0a594d1de86d8a4366989f5fab93c482246b502520db",
                "sha256:83d4f21c98eed3001e9896a43a1ce9c825999c03f7eb39ddd1c2d07a76708392",
                "sha256:9173d00c6753212b68e4fd319cfa96c21b2263949452c97b034e78ce09539dee",
                "sha256:9fc0cd4ec93a1e3877985e10ed5837ed2991c83aa4b7ca574caae5c8b448cc4b",
                "sha256:a5d31b4d95000d86ffa9652ab5bcfa0ea30e6c3fc40e610147d4f2f00116703d",
                "sha256:abc90c3d303a67ae5194770a6f0d0a83edf076683b8a426349a27b91d98e00d1",
                "sha256:d4f62528c7c8c5f97e9689fd788e420b68c67ee0a1a9a7715a57fd584b7aef1e",
                "sha256:d92a17ee849574665c5d94e9c9b862e469e1231d3dbb9e58e58b30b4bb0cbce9",
                "sha256:e5f11b1d435fb4d1d1b68fa68ff456d632dc4bfd40b18825ff80d6081d1afb26",
                "sha256:eddba74493d4003a42cd61ff7feca4928a94a45553d1fddac77a5cc339f6f4f9",
                "sha256:f949018ab9c467d38f14fe17db4df0d4a1c664be802189e2d6c5a434d9ffd4f6",
                "sha256:fd12cf0b431676c08057685e229ea5daaa1ec8efba2506c38671734ace49c2d7"
            ],
            "index": "pypi",
            "version": "==0.57.0"
        },
        "numpy": {
            "hashes": [
                "sha256:0ec87a7084caa559c36e0a2309e4ecb1baa03b687201d0a847c8b0ed476a7187",
                "sha256:1a7d6acc2e7524c9955e5c903160aa4ea083736fde7e91276b0e5d98e6332812",
                "sha256:202de8f38fc4a45a3eea4b63e2f376e5f2dc64ef0fa692838e31a808520efaf7",
                "sha256:210461d87fb02a84ef243cac5e814aad2b7f4be953b32cb53327bb49fd77fbb4",
                "sha256:2d926b52ba1367f9acb76b0df6ed21f0b16a1ad87c6720a1121674e5cf63e2b6",
                "sha256:352ee00c7f8387b44d19f4cada524586f07379c0d49270f87233983bc5087ca0",
                "sha256:35400e6a8d102fd07c71ed7dcadd9eb62ee9a6e84ec159bd48c28235bbb0f8e4",
                "sha256:3c1104d3c036fb81ab923f507536daedc718d0ad5a8707c6061cdfd6d184e570",
                "sha256:4719d5aefb5189f50887773699eaf94e7d1e02bf36c1a9d353d9f46703758ca4",
                "sha256:4749e053a29364d3452c034827102ee100986903263e89884922ef01a0a6fd2f",
                "sha256:5342cf6aad47943286afa6f1609cad9b4266a05e7f2ec408e2cf7aea7ff69d80",
                "sha256:56e48aec79ae238f6e4395886b5eaed058abb7231fb3361ddd7bfdf4eed54289",
                "sha256:76e3f4e85fc5d4fd311f6e9b794d0c00e7002ec122be271f2019d63376f1d385",
                "sha256:7776ea65423ca6a15255ba1872d82d207bd1e09f6d0894ee4a64678dd2204078",
                "sha256:784c6da1a07818491b0ffd63c6bbe5a33deaa0e25a20e1b3ea20cf0e43f8046c",
                "sha256:8535303847b89aa6b0f00aa1dc62867b5a32923e4d1681a35b5eef2d9591a463",
                "sha256:9a7721ec204d3a237225db3e194c25268faf92e19338a35f3a224469cb6039a3",
                "sha256:a1d3c026f57ceaad42f8231305d4653d5f05dc6332a730ae5c0bea3513de0950",
                "sha256:ab344f1bf21f140adab8e47fdbc7c35a477dc01408791f8ba00d018dd0bc5155",
                "sha256:ab5f23af8c16022663a652d3b25dcdc272ac3f83c3af4c02eb8b824e6b3ab9d7",
                "sha256:ae8d0be48d1b6ed82588934aaaa179875e7dc4f3d84da18d7eae6eb3f06c242c",
                "sha256:c91c4afd8abc3908e00a44b2672718905b8611503f7ff87390cc0ac3423fb096",
                "sha256:d5036197ecae68d7f491fcdb4df90082b0d4960ca6599ba2659957aafced7c17",
                "sha256:d6cc757de514c00b24ae8cf5c876af2a7c3df189028d68c0cb4eaa9cd5afc2bf",
                "sha256:d933fabd8f6a319e8530d0de4fcc2e6a61917e0b0c271fded460032db42a0fe4",
                "sha256:ea8282b9bcfe2b5e7d491d0bf7f3e2da29700cec05b49e64d6246923329f2b02",
                "sha256:ecde0f8adef7dfdec993fd54b0f78183051b6580f606111a6d789cd14c61ea0c",
                "sha256:f21c442fdd2805e91799fbe044a7b999b8571bb0ab0f7850d0cb9641a687092b"
            ],
            "markers": "python_version >= '3.8'",
            "version": "==1.24.3"
        },
        "zipp": {
            "hashes": [
                "sha256:112929ad649da941c23de50f356a2b5570c954b65150642bccdd66bf194d224b",
                "sha256:48904fc76a60e542af151aded95726c1a5c34ed43ab4134b597665c86d7ad556"
            ],
            "markers": "python_version >= '3.7'",
            "version": "==3.15.0"
        }
    },
    "develop": {}
}
